
Microsoft Visual Studio Solution File, Format Version 12.00
# Visual Studio Version 17
VisualStudioVersion = 17.10.34928.147
MinimumVisualStudioVersion = 10.0.40219.1
Project("{FAE04EC0-301F-11D3-BF4B-00C04F79EFBC}") = "Ofelia-Sara", "Ofelia-Sara.csproj", "{6248F15D-288E-4295-8CBD-334E114E5C60}"
EndProject
Project("{2150E333-8FDC-42A3-9474-1A3956D46DE8}") = "Elementos de la solución", "Elementos de la solución", "{F85F4946-EF92-4542-9436-4EE64DF159AB}"
	ProjectSection(SolutionItems) = preProject
		ProblemasA.solucionar.txt = ProblemasA.solucionar.txt
	EndProjectSection
EndProject
Project("{2150E333-8FDC-42A3-9474-1A3956D46DE8}") = "Plantillas", "Plantillas", "{9C901A91-EE43-4CFA-8D48-73881610CDDF}"
	ProjectSection(SolutionItems) = preProject
		..\.net\plantillaPrototipo.dotx = ..\.net\plantillaPrototipo.dotx
	EndProjectSection
EndProject
Project("{FAE04EC0-301F-11D3-BF4B-00C04F79EFBC}") = "Clases_Libreria", "Clases_Libreria\Clases_Libreria.csproj", "{E38897E3-7B35-49CD-8922-42016BFBE38E}"
EndProject
Project("{FAE04EC0-301F-11D3-BF4B-00C04F79EFBC}") = "Controles_Libreria", "Controles_Libreria\Controles_Libreria.csproj", "{327929EB-B2D3-43B1-9DE2-E312B3B71F33}"
EndProject
Project("{FAE04EC0-301F-11D3-BF4B-00C04F79EFBC}") = "BaseDatos_Libreria", "..\BaseDatos_Libreria\BaseDatos_Libreria.csproj", "{60EB6C4A-8EFB-4CD8-A959-315342C6C9FF}"
EndProject
Project("{FAE04EC0-301F-11D3-BF4B-00C04F79EFBC}") = "Interfaces_Libreria", "caca\Interfaces_Libreria.csproj", "{70D3038A-0DE7-47B2-8511-E511756E758B}"
EndProject
Global
	GlobalSection(SolutionConfigurationPlatforms) = preSolution
		Debug|Any CPU = Debug|Any CPU
		Release|Any CPU = Release|Any CPU
	EndGlobalSection
	GlobalSection(ProjectConfigurationPlatforms) = postSolution
		{6248F15D-288E-4295-8CBD-334E114E5C60}.Debug|Any CPU.ActiveCfg = Debug|Any CPU
		{6248F15D-288E-4295-8CBD-334E114E5C60}.Debug|Any CPU.Build.0 = Debug|Any CPU
		{6248F15D-288E-4295-8CBD-334E114E5C60}.Release|Any CPU.ActiveCfg = Release|Any CPU
		{6248F15D-288E-4295-8CBD-334E114E5C60}.Release|Any CPU.Build.0 = Release|Any CPU
		{E38897E3-7B35-49CD-8922-42016BFBE38E}.Debug|Any CPU.ActiveCfg = Debug|Any CPU
		{E38897E3-7B35-49CD-8922-42016BFBE38E}.Debug|Any CPU.Build.0 = Debug|Any CPU
		{E38897E3-7B35-49CD-8922-42016BFBE38E}.Release|Any CPU.ActiveCfg = Release|Any CPU
		{E38897E3-7B35-49CD-8922-42016BFBE38E}.Release|Any CPU.Build.0 = Release|Any CPU
		{327929EB-B2D3-43B1-9DE2-E312B3B71F33}.Debug|Any CPU.ActiveCfg = Debug|Any CPU
		{327929EB-B2D3-43B1-9DE2-E312B3B71F33}.Debug|Any CPU.Build.0 = Debug|Any CPU
		{327929EB-B2D3-43B1-9DE2-E312B3B71F33}.Release|Any CPU.ActiveCfg = Release|Any CPU
		{327929EB-B2D3-43B1-9DE2-E312B3B71F33}.Release|Any CPU.Build.0 = Release|Any CPU
		{60EB6C4A-8EFB-4CD8-A959-315342C6C9FF}.Debug|Any CPU.ActiveCfg = Debug|Any CPU
		{60EB6C4A-8EFB-4CD8-A959-315342C6C9FF}.Debug|Any CPU.Build.0 = Debug|Any CPU
		{60EB6C4A-8EFB-4CD8-A959-315342C6C9FF}.Release|Any CPU.ActiveCfg = Release|Any CPU
		{60EB6C4A-8EFB-4CD8-A959-315342C6C9FF}.Release|Any CPU.Build.0 = Release|Any CPU
		{70D3038A-0DE7-47B2-8511-E511756E758B}.Debug|Any CPU.ActiveCfg = Debug|Any CPU
		{70D3038A-0DE7-47B2-8511-E511756E758B}.Debug|Any CPU.Build.0 = Debug|Any CPU
		{70D3038A-0DE7-47B2-8511-E511756E758B}.Release|Any CPU.ActiveCfg = Release|Any CPU
		{70D3038A-0DE7-47B2-8511-E511756E758B}.Release|Any CPU.Build.0 = Release|Any CPU
	EndGlobalSection
	GlobalSection(SolutionProperties) = preSolution
		HideSolutionNode = FALSE
	EndGlobalSection
	GlobalSection(NestedProjects) = preSolution
		{9C901A91-EE43-4CFA-8D48-73881610CDDF} = {F85F4946-EF92-4542-9436-4EE64DF159AB}
	EndGlobalSection
	GlobalSection(ExtensibilityGlobals) = postSolution
		SolutionGuid = {FEE3EF2D-1521-4468-A6E8-B6082F41B957}
	EndGlobalSection
EndGlobal
