
Microsoft Visual Studio Solution File, Format Version 12.00
# Visual Studio Version 17
VisualStudioVersion = 17.10.34928.147
MinimumVisualStudioVersion = 10.0.40219.1
Project("{FAE04EC0-301F-11D3-BF4B-00C04F79EFBC}") = "Ofelia-Sara", "Ofelia-Sara.csproj", "{6248F15D-288E-4295-8CBD-334E114E5C60}"
EndProject
Project("{2150E333-8FDC-42A3-9474-1A3956D46DE8}") = "Elementos de la solución", "Elementos de la solución", "{F85F4946-EF92-4542-9436-4EE64DF159AB}"
	ProjectSection(SolutionItems) = preProject
		ProblemasA.solucionar.txt = ProblemasA.solucionar.txt
	EndProjectSection
EndProject
Project("{2150E333-8FDC-42A3-9474-1A3956D46DE8}") = "Plantillas Word", "Plantillas Word", "{9C901A91-EE43-4CFA-8D48-73881610CDDF}"
EndProject
Project("{FAE04EC0-301F-11D3-BF4B-00C04F79EFBC}") = "BaseDatos", "..\BaseDatos_Libreria\BaseDatos.csproj", "{60EB6C4A-8EFB-4CD8-A959-315342C6C9FF}"
EndProject
Project("{2150E333-8FDC-42A3-9474-1A3956D46DE8}") = "Documentacion", "Documentacion", "{C96CF4BB-54BF-4D0D-A3A8-2A664C37DA64}"
	ProjectSection(SolutionItems) = preProject
		1-ParaQueSirve.txt = 1-ParaQueSirve.txt
		2-Estructura de funcionamiento.txt = 2-Estructura de funcionamiento.txt
	EndProjectSection
EndProject
Project("{2150E333-8FDC-42A3-9474-1A3956D46DE8}") = "CONTRAVENCIONES", "CONTRAVENCIONES", "{79749F4B-706F-43C4-99A4-5D2B320CED7D}"
	ProjectSection(SolutionItems) = preProject
		Documentos\CONTRAVENCIONES\0-PU CONTRAVENCION.docx = Documentos\CONTRAVENCIONES\0-PU CONTRAVENCION.docx
		Documentos\CONTRAVENCIONES\1-CARATULA.docx = Documentos\CONTRAVENCIONES\1-CARATULA.docx
		Documentos\CONTRAVENCIONES\10-LIBERTAD.docx = Documentos\CONTRAVENCIONES\10-LIBERTAD.docx
		Documentos\CONTRAVENCIONES\11- GIRO A FALTAS.docx = Documentos\CONTRAVENCIONES\11- GIRO A FALTAS.docx
		Documentos\CONTRAVENCIONES\2-ACTA PROCEDIMIENTO.docx = Documentos\CONTRAVENCIONES\2-ACTA PROCEDIMIENTO.docx
		Documentos\CONTRAVENCIONES\3-PRECARIO MEDICO.docx = Documentos\CONTRAVENCIONES\3-PRECARIO MEDICO.docx
		Documentos\CONTRAVENCIONES\4-DECRETO INICIO.docx = Documentos\CONTRAVENCIONES\4-DECRETO INICIO.docx
		Documentos\CONTRAVENCIONES\5-COMUNICACION JUZGADO.docx = Documentos\CONTRAVENCIONES\5-COMUNICACION JUZGADO.docx
		Documentos\CONTRAVENCIONES\6-SOLICITAR PLANA.docx = Documentos\CONTRAVENCIONES\6-SOLICITAR PLANA.docx
		Documentos\CONTRAVENCIONES\7-NOTIFICACION FORMACION CAUSA.docx = Documentos\CONTRAVENCIONES\7-NOTIFICACION FORMACION CAUSA.docx
		Documentos\CONTRAVENCIONES\8-CONSTATACION DOMICILIO.docx = Documentos\CONTRAVENCIONES\8-CONSTATACION DOMICILIO.docx
		Documentos\CONTRAVENCIONES\9-RATIFICACION POLICIAL.docx = Documentos\CONTRAVENCIONES\9-RATIFICACION POLICIAL.docx
	EndProjectSection
EndProject
Project("{2150E333-8FDC-42A3-9474-1A3956D46DE8}") = "EXPEDIENTES", "EXPEDIENTES", "{671BF9C7-EC86-4AF9-A560-F44F9D68AB3B}"
	ProjectSection(SolutionItems) = preProject
		Documentos\EXPEDIENTES\DECRETO CIERRE EXPEDIENTE.docx = Documentos\EXPEDIENTES\DECRETO CIERRE EXPEDIENTE.docx
		Documentos\EXPEDIENTES\DECRETO RECEPCION EXPEDIENTE.docx = Documentos\EXPEDIENTES\DECRETO RECEPCION EXPEDIENTE.docx
		Documentos\EXPEDIENTES\NOTIFICACION EXPEDIENTE.docx = Documentos\EXPEDIENTES\NOTIFICACION EXPEDIENTE.docx
	EndProjectSection
EndProject
Project("{2150E333-8FDC-42A3-9474-1A3956D46DE8}") = "IPP", "IPP", "{9DF11F35-1CAA-4E33-AC29-95723A526C4C}"
	ProjectSection(SolutionItems) = preProject
		Documentos\IPP\CADENA DE CUSTODIA.docx = Documentos\IPP\CADENA DE CUSTODIA.docx
		Documentos\IPP\CARATULA.docx = Documentos\IPP\CARATULA.docx
		Documentos\IPP\CARGO JUDICIAL.docx = Documentos\IPP\CARGO JUDICIAL.docx
		Documentos\IPP\CROQUIS ILUSTRATIVO.docx = Documentos\IPP\CROQUIS ILUSTRATIVO.docx
		Documentos\IPP\DECRETO CIERRE.docx = Documentos\IPP\DECRETO CIERRE.docx
		Documentos\IPP\DECRETO INICIO.docx = Documentos\IPP\DECRETO INICIO.docx
		Documentos\IPP\DENUNCIA PENAL.docx = Documentos\IPP\DENUNCIA PENAL.docx
		Documentos\IPP\EXAMEN DE VISU.docx = Documentos\IPP\EXAMEN DE VISU.docx
		..\ipps\PINAMAR\PINAMAR 2020\FAJA DE SECUESTRO.doc = ..\ipps\PINAMAR\PINAMAR 2020\FAJA DE SECUESTRO.doc
		Documentos\IPP\INFORME.docx = Documentos\IPP\INFORME.docx
		Documentos\IPP\INSPECCION OCULAR.docx = Documentos\IPP\INSPECCION OCULAR.docx
		Documentos\IPP\NOTA ELEVACION.docx = Documentos\IPP\NOTA ELEVACION.docx
		Documentos\IPP\NOTIFICACION 247 DEFENSORIA.docx = Documentos\IPP\NOTIFICACION 247 DEFENSORIA.docx
		Documentos\IPP\NOTIFICACION 247 FISCALIA.docx = Documentos\IPP\NOTIFICACION 247 FISCALIA.docx
		Documentos\IPP\NOTIFICACION 247 JUZGADO GARANTIAS.docx = Documentos\IPP\NOTIFICACION 247 JUZGADO GARANTIAS.docx
		Documentos\IPP\NOTIFICACION 247.docx = Documentos\IPP\NOTIFICACION 247.docx
		Documentos\IPP\PARTE URGENTE.docx = Documentos\IPP\PARTE URGENTE.docx
		Documentos\IPP\SOLICITAR PLANA.docx = Documentos\IPP\SOLICITAR PLANA.docx
		Documentos\IPP\SOLICITUD CAMARAS MONITOREO.docx = Documentos\IPP\SOLICITUD CAMARAS MONITOREO.docx
		Documentos\IPP\SOLICITUD CARACTERISACION LESIONES.docx = Documentos\IPP\SOLICITUD CARACTERISACION LESIONES.docx
		..\ipps\VISU.docx = ..\ipps\VISU.docx
	EndProjectSection
EndProject
Project("{FAE04EC0-301F-11D3-BF4B-00C04F79EFBC}") = "MECANOGRAFIA", "MECANOGRAFIA\MECANOGRAFIA.csproj", "{F518907F-DCCB-4960-807B-54F7BFBDBA1C}"
EndProject
Global
	GlobalSection(SolutionConfigurationPlatforms) = preSolution
		Debug|Any CPU = Debug|Any CPU
		Release|Any CPU = Release|Any CPU
	EndGlobalSection
	GlobalSection(ProjectConfigurationPlatforms) = postSolution
		{6248F15D-288E-4295-8CBD-334E114E5C60}.Debug|Any CPU.ActiveCfg = Debug|Any CPU
		{6248F15D-288E-4295-8CBD-334E114E5C60}.Debug|Any CPU.Build.0 = Debug|Any CPU
		{6248F15D-288E-4295-8CBD-334E114E5C60}.Release|Any CPU.ActiveCfg = Release|Any CPU
		{6248F15D-288E-4295-8CBD-334E114E5C60}.Release|Any CPU.Build.0 = Release|Any CPU
		{60EB6C4A-8EFB-4CD8-A959-315342C6C9FF}.Debug|Any CPU.ActiveCfg = Debug|Any CPU
		{60EB6C4A-8EFB-4CD8-A959-315342C6C9FF}.Debug|Any CPU.Build.0 = Debug|Any CPU
		{60EB6C4A-8EFB-4CD8-A959-315342C6C9FF}.Release|Any CPU.ActiveCfg = Release|Any CPU
		{60EB6C4A-8EFB-4CD8-A959-315342C6C9FF}.Release|Any CPU.Build.0 = Release|Any CPU
		{F518907F-DCCB-4960-807B-54F7BFBDBA1C}.Debug|Any CPU.ActiveCfg = Debug|Any CPU
		{F518907F-DCCB-4960-807B-54F7BFBDBA1C}.Debug|Any CPU.Build.0 = Debug|Any CPU
		{F518907F-DCCB-4960-807B-54F7BFBDBA1C}.Release|Any CPU.ActiveCfg = Release|Any CPU
		{F518907F-DCCB-4960-807B-54F7BFBDBA1C}.Release|Any CPU.Build.0 = Release|Any CPU
	EndGlobalSection
	GlobalSection(SolutionProperties) = preSolution
		HideSolutionNode = FALSE
	EndGlobalSection
	GlobalSection(NestedProjects) = preSolution
		{9C901A91-EE43-4CFA-8D48-73881610CDDF} = {F85F4946-EF92-4542-9436-4EE64DF159AB}
		{C96CF4BB-54BF-4D0D-A3A8-2A664C37DA64} = {F85F4946-EF92-4542-9436-4EE64DF159AB}
		{79749F4B-706F-43C4-99A4-5D2B320CED7D} = {9C901A91-EE43-4CFA-8D48-73881610CDDF}
		{671BF9C7-EC86-4AF9-A560-F44F9D68AB3B} = {9C901A91-EE43-4CFA-8D48-73881610CDDF}
		{9DF11F35-1CAA-4E33-AC29-95723A526C4C} = {9C901A91-EE43-4CFA-8D48-73881610CDDF}
	EndGlobalSection
	GlobalSection(ExtensibilityGlobals) = postSolution
		SolutionGuid = {FEE3EF2D-1521-4468-A6E8-B6082F41B957}
	EndGlobalSection
EndGlobal
